// !$*UTF8*$!
{
	archiveVersion = 1;
	classes = {
	};
	objectVersion = 46;
	objects = {

/* Begin PBXFileReference section */
		F40A13901A8B5F8D0033099E /* Combinators.swift */ = {isa = PBXFileReference; lastKnownFileType = sourcecode.swift; name = Combinators.swift; path = wishful/Combinators.swift; sourceTree = "<group>"; };
		F40A13911A8B61D80033099E /* Functor.swift */ = {isa = PBXFileReference; lastKnownFileType = sourcecode.swift; name = Functor.swift; path = wishful/Functor.swift; sourceTree = "<group>"; };
		F40A13921A8B63200033099E /* Wishful.h */ = {isa = PBXFileReference; lastKnownFileType = sourcecode.c.h; name = Wishful.h; path = wishful/Wishful.h; sourceTree = "<group>"; };
		F40A13931A8B63A00033099E /* Kinds.swift */ = {isa = PBXFileReference; lastKnownFileType = sourcecode.swift; name = Kinds.swift; path = wishful/Kinds.swift; sourceTree = "<group>"; };
		F40A13941A8B64810033099E /* Maybe.swift */ = {isa = PBXFileReference; lastKnownFileType = sourcecode.swift; name = Maybe.swift; path = wishful/Maybe.swift; sourceTree = "<group>"; };
		F40A13951A8B68F70033099E /* Monad.swift */ = {isa = PBXFileReference; lastKnownFileType = sourcecode.swift; name = Monad.swift; path = wishful/Monad.swift; sourceTree = "<group>"; };
		F40A13961A8B692C0033099E /* Applicative.swift */ = {isa = PBXFileReference; lastKnownFileType = sourcecode.swift; name = Applicative.swift; path = wishful/Applicative.swift; sourceTree = "<group>"; };
		F40A13971A8B69820033099E /* Point.swift */ = {isa = PBXFileReference; lastKnownFileType = sourcecode.swift; name = Point.swift; path = wishful/Point.swift; sourceTree = "<group>"; };
		F40A13981A8B6C540033099E /* Info.plist */ = {isa = PBXFileReference; lastKnownFileType = text.plist.xml; name = Info.plist; path = wishful/Info.plist; sourceTree = "<group>"; };
/* End PBXFileReference section */

/* Begin PBXGroup section */
		F40A13891A8B5F300033099E = {
			isa = PBXGroup;
			children = (
				F40A13981A8B6C540033099E /* Info.plist */,
				F40A13971A8B69820033099E /* Point.swift */,
				F40A13961A8B692C0033099E /* Applicative.swift */,
				F40A13951A8B68F70033099E /* Monad.swift */,
				F40A13941A8B64810033099E /* Maybe.swift */,
				F40A13931A8B63A00033099E /* Kinds.swift */,
				F40A13921A8B63200033099E /* Wishful.h */,
				F40A13911A8B61D80033099E /* Functor.swift */,
				F40A13901A8B5F8D0033099E /* Combinators.swift */,
			);
			sourceTree = "<group>";
		};
/* End PBXGroup section */

/* Begin PBXProject section */
		F40A138A1A8B5F300033099E /* Project object */ = {
			isa = PBXProject;
			attributes = {
				LastUpgradeCheck = 0610;
			};
			buildConfigurationList = F40A138D1A8B5F300033099E /* Build configuration list for PBXProject "wishful" */;
			compatibilityVersion = "Xcode 3.2";
			developmentRegion = English;
			hasScannedForEncodings = 0;
			knownRegions = (
				en,
			);
			mainGroup = F40A13891A8B5F300033099E;
			projectDirPath = "";
			projectRoot = "";
			targets = (
			);
		};
/* End PBXProject section */

/* Begin XCBuildConfiguration section */
		F40A138E1A8B5F300033099E /* Debug */ = {
			isa = XCBuildConfiguration;
			buildSettings = {
			};
			name = Debug;
		};
		F40A138F1A8B5F300033099E /* Release */ = {
			isa = XCBuildConfiguration;
			buildSettings = {
			};
			name = Release;
		};
/* End XCBuildConfiguration section */

/* Begin XCConfigurationList section */
		F40A138D1A8B5F300033099E /* Build configuration list for PBXProject "wishful" */ = {
			isa = XCConfigurationList;
			buildConfigurations = (
				F40A138E1A8B5F300033099E /* Debug */,
				F40A138F1A8B5F300033099E /* Release */,
			);
			defaultConfigurationIsVisible = 0;
			defaultConfigurationName = Release;
		};
/* End XCConfigurationList section */
	};
	rootObject = F40A138A1A8B5F300033099E /* Project object */;
}
